
Microsoft Visual Studio Solution File, Format Version 12.00
# Visual Studio Version 17
VisualStudioVersion = 17.5.33516.290
MinimumVisualStudioVersion = 10.0.40219.1
Project("{FAE04EC0-301F-11D3-BF4B-00C04F79EFBC}") = "ZiiLab5", "ZiiLab5\ZiiLab5.csproj", "{D26BCCD8-7961-4879-AB90-B902158E1927}"
EndProject
Global
	GlobalSection(SolutionConfigurationPlatforms) = preSolution
		Debug|Any CPU = Debug|Any CPU
		Release|Any CPU = Release|Any CPU
	EndGlobalSection
	GlobalSection(ProjectConfigurationPlatforms) = postSolution
		{D26BCCD8-7961-4879-AB90-B902158E1927}.Debug|Any CPU.ActiveCfg = Debug|Any CPU
		{D26BCCD8-7961-4879-AB90-B902158E1927}.Debug|Any CPU.Build.0 = Debug|Any CPU
		{D26BCCD8-7961-4879-AB90-B902158E1927}.Release|Any CPU.ActiveCfg = Release|Any CPU
		{D26BCCD8-7961-4879-AB90-B902158E1927}.Release|Any CPU.Build.0 = Release|Any CPU
	EndGlobalSection
	GlobalSection(SolutionProperties) = preSolution
		HideSolutionNode = FALSE
	EndGlobalSection
	GlobalSection(ExtensibilityGlobals) = postSolution
		SolutionGuid = {6184F888-80A6-47C0-A9FB-67741E522F4F}
	EndGlobalSection
EndGlobal
